
Microsoft Visual Studio Solution File, Format Version 12.00
# Visual Studio Version 16
VisualStudioVersion = 16.0.32228.343
MinimumVisualStudioVersion = 10.0.40219.1
Project("{FAE04EC0-301F-11D3-BF4B-00C04F79EFBC}") = "AtivSem03", "AtivSem03\AtivSem03.csproj", "{1EB60313-F7B9-4EDF-8656-19749B3A88C7}"
EndProject
Global
	GlobalSection(SolutionConfigurationPlatforms) = preSolution
		Debug|Any CPU = Debug|Any CPU
		Release|Any CPU = Release|Any CPU
	EndGlobalSection
	GlobalSection(ProjectConfigurationPlatforms) = postSolution
		{1EB60313-F7B9-4EDF-8656-19749B3A88C7}.Debug|Any CPU.ActiveCfg = Debug|Any CPU
		{1EB60313-F7B9-4EDF-8656-19749B3A88C7}.Debug|Any CPU.Build.0 = Debug|Any CPU
		{1EB60313-F7B9-4EDF-8656-19749B3A88C7}.Release|Any CPU.ActiveCfg = Release|Any CPU
		{1EB60313-F7B9-4EDF-8656-19749B3A88C7}.Release|Any CPU.Build.0 = Release|Any CPU
	EndGlobalSection
	GlobalSection(SolutionProperties) = preSolution
		HideSolutionNode = FALSE
	EndGlobalSection
	GlobalSection(ExtensibilityGlobals) = postSolution
		SolutionGuid = {48630398-3E41-4F6C-AA6B-5FC12A8FE6FD}
	EndGlobalSection
EndGlobal
